
Microsoft Visual Studio Solution File, Format Version 12.00
# Visual Studio Version 17
VisualStudioVersion = 17.2.32630.192
MinimumVisualStudioVersion = 10.0.40219.1
Project("{9A19103F-16F7-4668-BE54-9A1E7A4F7556}") = "MiodyKraftowe", "MiodyKraftowe\MiodyKraftowe.csproj", "{17A0A3D7-231B-477A-928A-137688C7DDF4}"
EndProject
Global
	GlobalSection(SolutionConfigurationPlatforms) = preSolution
		Debug|Any CPU = Debug|Any CPU
		Release|Any CPU = Release|Any CPU
	EndGlobalSection
	GlobalSection(ProjectConfigurationPlatforms) = postSolution
		{17A0A3D7-231B-477A-928A-137688C7DDF4}.Debug|Any CPU.ActiveCfg = Debug|Any CPU
		{17A0A3D7-231B-477A-928A-137688C7DDF4}.Debug|Any CPU.Build.0 = Debug|Any CPU
		{17A0A3D7-231B-477A-928A-137688C7DDF4}.Release|Any CPU.ActiveCfg = Release|Any CPU
		{17A0A3D7-231B-477A-928A-137688C7DDF4}.Release|Any CPU.Build.0 = Release|Any CPU
	EndGlobalSection
	GlobalSection(SolutionProperties) = preSolution
		HideSolutionNode = FALSE
	EndGlobalSection
	GlobalSection(ExtensibilityGlobals) = postSolution
		SolutionGuid = {94882DB6-DF18-4E6C-BBAB-65E6AB9B44B2}
	EndGlobalSection
EndGlobal
